
Microsoft Visual Studio Solution File, Format Version 12.00
# Visual Studio Version 16
VisualStudioVersion = 16.0.30907.101
MinimumVisualStudioVersion = 10.0.40219.1
Project("{FAE04EC0-301F-11D3-BF4B-00C04F79EFBC}") = "BIA-telegram", "BIA-telegram.csproj", "{6F1C5DAD-03ED-46B9-85F1-3D56705343DA}"
EndProject
Global
	GlobalSection(SolutionConfigurationPlatforms) = preSolution
		Debug|Any CPU = Debug|Any CPU
		Release|Any CPU = Release|Any CPU
	EndGlobalSection
	GlobalSection(ProjectConfigurationPlatforms) = postSolution
		{6F1C5DAD-03ED-46B9-85F1-3D56705343DA}.Debug|Any CPU.ActiveCfg = Debug|Any CPU
		{6F1C5DAD-03ED-46B9-85F1-3D56705343DA}.Debug|Any CPU.Build.0 = Debug|Any CPU
		{6F1C5DAD-03ED-46B9-85F1-3D56705343DA}.Release|Any CPU.ActiveCfg = Release|Any CPU
		{6F1C5DAD-03ED-46B9-85F1-3D56705343DA}.Release|Any CPU.Build.0 = Release|Any CPU
	EndGlobalSection
	GlobalSection(SolutionProperties) = preSolution
		HideSolutionNode = FALSE
	EndGlobalSection
	GlobalSection(ExtensibilityGlobals) = postSolution
		SolutionGuid = {53A4F773-E584-4500-8412-4CE184A3AD7C}
	EndGlobalSection
EndGlobal
